
Microsoft Visual Studio Solution File, Format Version 12.00
# Visual Studio 15
VisualStudioVersion = 15.0.26730.16
MinimumVisualStudioVersion = 10.0.40219.1
Project("{FAE04EC0-301F-11D3-BF4B-00C04F79EFBC}") = "Employees.Entities", "Employees.Entities\Employees.Entities.csproj", "{0CFA807B-11B9-438C-97DD-6C3E5B97F228}"
EndProject
Project("{FAE04EC0-301F-11D3-BF4B-00C04F79EFBC}") = "ConsoleApplication", "ConsoleApplication\ConsoleApplication.csproj", "{538783DD-02A3-4EFF-967B-80D481F712FE}"
EndProject
Project("{FAE04EC0-301F-11D3-BF4B-00C04F79EFBC}") = "Employees.DataModel", "Employees.DataModel\Employees.DataModel.csproj", "{A217AA12-3783-483E-AF02-4AD6CDE4BB65}"
EndProject
Global
	GlobalSection(SolutionConfigurationPlatforms) = preSolution
		Debug|Any CPU = Debug|Any CPU
		Release|Any CPU = Release|Any CPU
	EndGlobalSection
	GlobalSection(ProjectConfigurationPlatforms) = postSolution
		{0CFA807B-11B9-438C-97DD-6C3E5B97F228}.Debug|Any CPU.ActiveCfg = Debug|Any CPU
		{0CFA807B-11B9-438C-97DD-6C3E5B97F228}.Debug|Any CPU.Build.0 = Debug|Any CPU
		{0CFA807B-11B9-438C-97DD-6C3E5B97F228}.Release|Any CPU.ActiveCfg = Release|Any CPU
		{0CFA807B-11B9-438C-97DD-6C3E5B97F228}.Release|Any CPU.Build.0 = Release|Any CPU
		{538783DD-02A3-4EFF-967B-80D481F712FE}.Debug|Any CPU.ActiveCfg = Debug|Any CPU
		{538783DD-02A3-4EFF-967B-80D481F712FE}.Debug|Any CPU.Build.0 = Debug|Any CPU
		{538783DD-02A3-4EFF-967B-80D481F712FE}.Release|Any CPU.ActiveCfg = Release|Any CPU
		{538783DD-02A3-4EFF-967B-80D481F712FE}.Release|Any CPU.Build.0 = Release|Any CPU
		{A217AA12-3783-483E-AF02-4AD6CDE4BB65}.Debug|Any CPU.ActiveCfg = Debug|Any CPU
		{A217AA12-3783-483E-AF02-4AD6CDE4BB65}.Debug|Any CPU.Build.0 = Debug|Any CPU
		{A217AA12-3783-483E-AF02-4AD6CDE4BB65}.Release|Any CPU.ActiveCfg = Release|Any CPU
		{A217AA12-3783-483E-AF02-4AD6CDE4BB65}.Release|Any CPU.Build.0 = Release|Any CPU
	EndGlobalSection
	GlobalSection(SolutionProperties) = preSolution
		HideSolutionNode = FALSE
	EndGlobalSection
	GlobalSection(ExtensibilityGlobals) = postSolution
		SolutionGuid = {991FA2EE-1AFA-443D-9019-AA81B8008A0E}
	EndGlobalSection
EndGlobal
